// !$*UTF8*$!
{
	archiveVersion = 1;
	classes = {
	};
	objectVersion = 77;
	objects = {

/* Begin PBXBuildFile section */
		9B9DD6512EE154EA0031C316 /* WellobitWatch Watch App.app in Embed Watch Content */ = {isa = PBXBuildFile; fileRef = 9B9DD6472EE154E80031C316 /* WellobitWatch Watch App.app */; settings = {ATTRIBUTES = (RemoveHeadersOnCopy, ); }; };
		9B9DD6612EE174990031C316 /* WidgetKit.framework in Frameworks */ = {isa = PBXBuildFile; fileRef = 9B9DD6602EE174990031C316 /* WidgetKit.framework */; };
		9B9DD6632EE174990031C316 /* SwiftUI.framework in Frameworks */ = {isa = PBXBuildFile; fileRef = 9B9DD6622EE174990031C316 /* SwiftUI.framework */; };
		9B9DD66E2EE1749B0031C316 /* WellobitComplicationExtension.appex in Embed Foundation Extensions */ = {isa = PBXBuildFile; fileRef = 9B9DD65E2EE174990031C316 /* WellobitComplicationExtension.appex */; settings = {ATTRIBUTES = (RemoveHeadersOnCopy, ); }; };
/* End PBXBuildFile section */

/* Begin PBXContainerItemProxy section */
		9B9DD64F2EE154EA0031C316 /* PBXContainerItemProxy */ = {
			isa = PBXContainerItemProxy;
			containerPortal = 9B9DD62D2EE154A70031C316 /* Project object */;
			proxyType = 1;
			remoteGlobalIDString = 9B9DD6462EE154E80031C316;
			remoteInfo = "WellobitWatch Watch App";
		};
		9B9DD66C2EE1749B0031C316 /* PBXContainerItemProxy */ = {
			isa = PBXContainerItemProxy;
			containerPortal = 9B9DD62D2EE154A70031C316 /* Project object */;
			proxyType = 1;
			remoteGlobalIDString = 9B9DD65D2EE174990031C316;
			remoteInfo = WellobitComplicationExtension;
		};
/* End PBXContainerItemProxy section */

/* Begin PBXCopyFilesBuildPhase section */
		9B9DD6552EE154EA0031C316 /* Embed Watch Content */ = {
			isa = PBXCopyFilesBuildPhase;
			buildActionMask = 2147483647;
			dstPath = "$(CONTENTS_FOLDER_PATH)/Watch";
			dstSubfolderSpec = 16;
			files = (
				9B9DD6512EE154EA0031C316 /* WellobitWatch Watch App.app in Embed Watch Content */,
			);
			name = "Embed Watch Content";
			runOnlyForDeploymentPostprocessing = 0;
		};
		9B9DD6732EE1749B0031C316 /* Embed Foundation Extensions */ = {
			isa = PBXCopyFilesBuildPhase;
			buildActionMask = 2147483647;
			dstPath = "";
			dstSubfolderSpec = 13;
			files = (
				9B9DD66E2EE1749B0031C316 /* WellobitComplicationExtension.appex in Embed Foundation Extensions */,
			);
			name = "Embed Foundation Extensions";
			runOnlyForDeploymentPostprocessing = 0;
		};
/* End PBXCopyFilesBuildPhase section */

/* Begin PBXFileReference section */
		9B9DD6352EE154A70031C316 /* Wellobit.app */ = {isa = PBXFileReference; explicitFileType = wrapper.application; includeInIndex = 0; path = Wellobit.app; sourceTree = BUILT_PRODUCTS_DIR; };
		9B9DD6472EE154E80031C316 /* WellobitWatch Watch App.app */ = {isa = PBXFileReference; explicitFileType = wrapper.application; includeInIndex = 0; path = "WellobitWatch Watch App.app"; sourceTree = BUILT_PRODUCTS_DIR; };
		9B9DD65E2EE174990031C316 /* WellobitComplicationExtension.appex */ = {isa = PBXFileReference; explicitFileType = "wrapper.app-extension"; includeInIndex = 0; path = WellobitComplicationExtension.appex; sourceTree = BUILT_PRODUCTS_DIR; };
		9B9DD6602EE174990031C316 /* WidgetKit.framework */ = {isa = PBXFileReference; lastKnownFileType = wrapper.framework; name = WidgetKit.framework; path = System/Library/Frameworks/WidgetKit.framework; sourceTree = SDKROOT; };
		9B9DD6622EE174990031C316 /* SwiftUI.framework */ = {isa = PBXFileReference; lastKnownFileType = wrapper.framework; name = SwiftUI.framework; path = System/Library/Frameworks/SwiftUI.framework; sourceTree = SDKROOT; };
/* End PBXFileReference section */

/* Begin PBXFileSystemSynchronizedBuildFileExceptionSet section */
		9B6875682F0BB82900DA3A98 /* Exceptions for "Wellobit" folder in "Wellobit" target */ = {
			isa = PBXFileSystemSynchronizedBuildFileExceptionSet;
			membershipExceptions = (
				Info.plist,
			);
			target = 9B9DD6342EE154A70031C316 /* Wellobit */;
		};
		9B9DD66F2EE1749B0031C316 /* Exceptions for "WellobitComplication" folder in "WellobitComplicationExtension" target */ = {
			isa = PBXFileSystemSynchronizedBuildFileExceptionSet;
			membershipExceptions = (
				Info.plist,
			);
			target = 9B9DD65D2EE174990031C316 /* WellobitComplicationExtension */;
		};
/* End PBXFileSystemSynchronizedBuildFileExceptionSet section */

/* Begin PBXFileSystemSynchronizedRootGroup section */
		9B9DD6372EE154A70031C316 /* Wellobit */ = {
			isa = PBXFileSystemSynchronizedRootGroup;
			exceptions = (
				9B6875682F0BB82900DA3A98 /* Exceptions for "Wellobit" folder in "Wellobit" target */,
			);
			path = Wellobit;
			sourceTree = "<group>";
		};
		9B9DD6482EE154E80031C316 /* WellobitWatch Watch App */ = {
			isa = PBXFileSystemSynchronizedRootGroup;
			path = "WellobitWatch Watch App";
			sourceTree = "<group>";
		};
		9B9DD6642EE174990031C316 /* WellobitComplication */ = {
			isa = PBXFileSystemSynchronizedRootGroup;
			exceptions = (
				9B9DD66F2EE1749B0031C316 /* Exceptions for "WellobitComplication" folder in "WellobitComplicationExtension" target */,
			);
			path = WellobitComplication;
			sourceTree = "<group>";
		};
/* End PBXFileSystemSynchronizedRootGroup section */

/* Begin PBXFrameworksBuildPhase section */
		9B9DD6322EE154A70031C316 /* Frameworks */ = {
			isa = PBXFrameworksBuildPhase;
			buildActionMask = 2147483647;
			files = (
			);
			runOnlyForDeploymentPostprocessing = 0;
		};
		9B9DD6442EE154E80031C316 /* Frameworks */ = {
			isa = PBXFrameworksBuildPhase;
			buildActionMask = 2147483647;
			files = (
			);
			runOnlyForDeploymentPostprocessing = 0;
		};
		9B9DD65B2EE174990031C316 /* Frameworks */ = {
			isa = PBXFrameworksBuildPhase;
			buildActionMask = 2147483647;
			files = (
				9B9DD6632EE174990031C316 /* SwiftUI.framework in Frameworks */,
				9B9DD6612EE174990031C316 /* WidgetKit.framework in Frameworks */,
			);
			runOnlyForDeploymentPostprocessing = 0;
		};
/* End PBXFrameworksBuildPhase section */

/* Begin PBXGroup section */
		9B9DD62C2EE154A70031C316 = {
			isa = PBXGroup;
			children = (
				9B9DD6372EE154A70031C316 /* Wellobit */,
				9B9DD6482EE154E80031C316 /* WellobitWatch Watch App */,
				9B9DD6642EE174990031C316 /* WellobitComplication */,
				9B9DD65F2EE174990031C316 /* Frameworks */,
				9B9DD6362EE154A70031C316 /* Products */,
			);
			sourceTree = "<group>";
		};
		9B9DD6362EE154A70031C316 /* Products */ = {
			isa = PBXGroup;
			children = (
				9B9DD6352EE154A70031C316 /* Wellobit.app */,
				9B9DD6472EE154E80031C316 /* WellobitWatch Watch App.app */,
				9B9DD65E2EE174990031C316 /* WellobitComplicationExtension.appex */,
			);
			name = Products;
			sourceTree = "<group>";
		};
		9B9DD65F2EE174990031C316 /* Frameworks */ = {
			isa = PBXGroup;
			children = (
				9B9DD6602EE174990031C316 /* WidgetKit.framework */,
				9B9DD6622EE174990031C316 /* SwiftUI.framework */,
			);
			name = Frameworks;
			sourceTree = "<group>";
		};
/* End PBXGroup section */

/* Begin PBXNativeTarget section */
		9B9DD6342EE154A70031C316 /* Wellobit */ = {
			isa = PBXNativeTarget;
			buildConfigurationList = 9B9DD6402EE154A80031C316 /* Build configuration list for PBXNativeTarget "Wellobit" */;
			buildPhases = (
				9B9DD6312EE154A70031C316 /* Sources */,
				9B9DD6322EE154A70031C316 /* Frameworks */,
				9B9DD6332EE154A70031C316 /* Resources */,
				9B9DD6552EE154EA0031C316 /* Embed Watch Content */,
			);
			buildRules = (
			);
			dependencies = (
				9B9DD6502EE154EA0031C316 /* PBXTargetDependency */,
			);
			fileSystemSynchronizedGroups = (
				9B9DD6372EE154A70031C316 /* Wellobit */,
			);
			name = Wellobit;
			packageProductDependencies = (
			);
			productName = Wellobit;
			productReference = 9B9DD6352EE154A70031C316 /* Wellobit.app */;
			productType = "com.apple.product-type.application";
		};
		9B9DD6462EE154E80031C316 /* WellobitWatch Watch App */ = {
			isa = PBXNativeTarget;
			buildConfigurationList = 9B9DD6522EE154EA0031C316 /* Build configuration list for PBXNativeTarget "WellobitWatch Watch App" */;
			buildPhases = (
				9B9DD6432EE154E80031C316 /* Sources */,
				9B9DD6442EE154E80031C316 /* Frameworks */,
				9B9DD6452EE154E80031C316 /* Resources */,
				9B9DD6732EE1749B0031C316 /* Embed Foundation Extensions */,
			);
			buildRules = (
			);
			dependencies = (
				9B9DD66D2EE1749B0031C316 /* PBXTargetDependency */,
			);
			fileSystemSynchronizedGroups = (
				9B9DD6482EE154E80031C316 /* WellobitWatch Watch App */,
			);
			name = "WellobitWatch Watch App";
			packageProductDependencies = (
			);
			productName = "WellobitWatch Watch App";
			productReference = 9B9DD6472EE154E80031C316 /* WellobitWatch Watch App.app */;
			productType = "com.apple.product-type.application";
		};
		9B9DD65D2EE174990031C316 /* WellobitComplicationExtension */ = {
			isa = PBXNativeTarget;
			buildConfigurationList = 9B9DD6702EE1749B0031C316 /* Build configuration list for PBXNativeTarget "WellobitComplicationExtension" */;
			buildPhases = (
				9B9DD65A2EE174990031C316 /* Sources */,
				9B9DD65B2EE174990031C316 /* Frameworks */,
				9B9DD65C2EE174990031C316 /* Resources */,
			);
			buildRules = (
			);
			dependencies = (
			);
			fileSystemSynchronizedGroups = (
				9B9DD6642EE174990031C316 /* WellobitComplication */,
			);
			name = WellobitComplicationExtension;
			packageProductDependencies = (
			);
			productName = WellobitComplicationExtension;
			productReference = 9B9DD65E2EE174990031C316 /* WellobitComplicationExtension.appex */;
			productType = "com.apple.product-type.app-extension";
		};
/* End PBXNativeTarget section */

/* Begin PBXProject section */
		9B9DD62D2EE154A70031C316 /* Project object */ = {
			isa = PBXProject;
			attributes = {
				BuildIndependentTargetsInParallel = 1;
				LastSwiftUpdateCheck = 2600;
				LastUpgradeCheck = 2600;
				TargetAttributes = {
					9B9DD6342EE154A70031C316 = {
						CreatedOnToolsVersion = 26.0.1;
					};
					9B9DD6462EE154E80031C316 = {
						CreatedOnToolsVersion = 26.0.1;
					};
					9B9DD65D2EE174990031C316 = {
						CreatedOnToolsVersion = 26.0.1;
					};
				};
			};
			buildConfigurationList = 9B9DD6302EE154A70031C316 /* Build configuration list for PBXProject "Wellobit" */;
			developmentRegion = en;
			hasScannedForEncodings = 0;
			knownRegions = (
				en,
				Base,
			);
			mainGroup = 9B9DD62C2EE154A70031C316;
			minimizedProjectReferenceProxies = 1;
			preferredProjectObjectVersion = 77;
			productRefGroup = 9B9DD6362EE154A70031C316 /* Products */;
			projectDirPath = "";
			projectRoot = "";
			targets = (
				9B9DD6342EE154A70031C316 /* Wellobit */,
				9B9DD6462EE154E80031C316 /* WellobitWatch Watch App */,
				9B9DD65D2EE174990031C316 /* WellobitComplicationExtension */,
			);
		};
/* End PBXProject section */

/* Begin PBXResourcesBuildPhase section */
		9B9DD6332EE154A70031C316 /* Resources */ = {
			isa = PBXResourcesBuildPhase;
			buildActionMask = 2147483647;
			files = (
			);
			runOnlyForDeploymentPostprocessing = 0;
		};
		9B9DD6452EE154E80031C316 /* Resources */ = {
			isa = PBXResourcesBuildPhase;
			buildActionMask = 2147483647;
			files = (
			);
			runOnlyForDeploymentPostprocessing = 0;
		};
		9B9DD65C2EE174990031C316 /* Resources */ = {
			isa = PBXResourcesBuildPhase;
			buildActionMask = 2147483647;
			files = (
			);
			runOnlyForDeploymentPostprocessing = 0;
		};
/* End PBXResourcesBuildPhase section */

/* Begin PBXSourcesBuildPhase section */
		9B9DD6312EE154A70031C316 /* Sources */ = {
			isa = PBXSourcesBuildPhase;
			buildActionMask = 2147483647;
			files = (
			);
			runOnlyForDeploymentPostprocessing = 0;
		};
		9B9DD6432EE154E80031C316 /* Sources */ = {
			isa = PBXSourcesBuildPhase;
			buildActionMask = 2147483647;
			files = (
			);
			runOnlyForDeploymentPostprocessing = 0;
		};
		9B9DD65A2EE174990031C316 /* Sources */ = {
			isa = PBXSourcesBuildPhase;
			buildActionMask = 2147483647;
			files = (
			);
			runOnlyForDeploymentPostprocessing = 0;
		};
/* End PBXSourcesBuildPhase section */

/* Begin PBXTargetDependency section */
		9B9DD6502EE154EA0031C316 /* PBXTargetDependency */ = {
			isa = PBXTargetDependency;
			target = 9B9DD6462EE154E80031C316 /* WellobitWatch Watch App */;
			targetProxy = 9B9DD64F2EE154EA0031C316 /* PBXContainerItemProxy */;
		};
		9B9DD66D2EE1749B0031C316 /* PBXTargetDependency */ = {
			isa = PBXTargetDependency;
			target = 9B9DD65D2EE174990031C316 /* WellobitComplicationExtension */;
			targetProxy = 9B9DD66C2EE1749B0031C316 /* PBXContainerItemProxy */;
		};
/* End PBXTargetDependency section */

/* Begin XCBuildConfiguration section */
		9B9DD63E2EE154A80031C316 /* Debug */ = {
			isa = XCBuildConfiguration;
			buildSettings = {
				ALWAYS_SEARCH_USER_PATHS = NO;
				ASSETCATALOG_COMPILER_GENERATE_SWIFT_ASSET_SYMBOL_EXTENSIONS = YES;
				CLANG_ANALYZER_NONNULL = YES;
				CLANG_ANALYZER_NUMBER_OBJECT_CONVERSION = YES_AGGRESSIVE;
				CLANG_CXX_LANGUAGE_STANDARD = "gnu++20";
				CLANG_ENABLE_MODULES = YES;
				CLANG_ENABLE_OBJC_ARC = YES;
				CLANG_ENABLE_OBJC_WEAK = YES;
				CLANG_WARN_BLOCK_CAPTURE_AUTORELEASING = YES;
				CLANG_WARN_BOOL_CONVERSION = YES;
				CLANG_WARN_COMMA = YES;
				CLANG_WARN_CONSTANT_CONVERSION = YES;
				CLANG_WARN_DEPRECATED_OBJC_IMPLEMENTATIONS = YES;
				CLANG_WARN_DIRECT_OBJC_ISA_USAGE = YES_ERROR;
				CLANG_WARN_DOCUMENTATION_COMMENTS = YES;
				CLANG_WARN_EMPTY_BODY = YES;
				CLANG_WARN_ENUM_CONVERSION = YES;
				CLANG_WARN_INFINITE_RECURSION = YES;
				CLANG_WARN_INT_CONVERSION = YES;
				CLANG_WARN_NON_LITERAL_NULL_CONVERSION = YES;
				CLANG_WARN_OBJC_IMPLICIT_RETAIN_SELF = YES;
				CLANG_WARN_OBJC_LITERAL_CONVERSION = YES;
				CLANG_WARN_OBJC_ROOT_CLASS = YES_ERROR;
				CLANG_WARN_QUOTED_INCLUDE_IN_FRAMEWORK_HEADER = YES;
				CLANG_WARN_RANGE_LOOP_ANALYSIS = YES;
				CLANG_WARN_STRICT_PROTOTYPES = YES;
				CLANG_WARN_SUSPICIOUS_MOVE = YES;
				CLANG_WARN_UNGUARDED_AVAILABILITY = YES_AGGRESSIVE;
				CLANG_WARN_UNREACHABLE_CODE = YES;
				CLANG_WARN__DUPLICATE_METHOD_MATCH = YES;
				COPY_PHASE_STRIP = NO;
				DEBUG_INFORMATION_FORMAT = dwarf;
				DEVELOPMENT_TEAM = W7D3GH6GQF;
				ENABLE_STRICT_OBJC_MSGSEND = YES;
				ENABLE_TESTABILITY = YES;
				ENABLE_USER_SCRIPT_SANDBOXING = YES;
				GCC_C_LANGUAGE_STANDARD = gnu17;
				GCC_DYNAMIC_NO_PIC = NO;
				GCC_NO_COMMON_BLOCKS = YES;
				GCC_OPTIMIZATION_LEVEL = 0;
				GCC_PREPROCESSOR_DEFINITIONS = (
					"DEBUG=1",
					"$(inherited)",
				);
				GCC_WARN_64_TO_32_BIT_CONVERSION = YES;
				GCC_WARN_ABOUT_RETURN_TYPE = YES_ERROR;
				GCC_WARN_UNDECLARED_SELECTOR = YES;
				GCC_WARN_UNINITIALIZED_AUTOS = YES_AGGRESSIVE;
				GCC_WARN_UNUSED_FUNCTION = YES;
				GCC_WARN_UNUSED_VARIABLE = YES;
				IPHONEOS_DEPLOYMENT_TARGET = 26.0;
				LOCALIZATION_PREFERS_STRING_CATALOGS = YES;
				MTL_ENABLE_DEBUG_INFO = INCLUDE_SOURCE;
				MTL_FAST_MATH = YES;
				ONLY_ACTIVE_ARCH = YES;
				SDKROOT = iphoneos;
				SWIFT_ACTIVE_COMPILATION_CONDITIONS = "DEBUG $(inherited)";
				SWIFT_OPTIMIZATION_LEVEL = "-Onone";
			};
			name = Debug;
		};
		9B9DD63F2EE154A80031C316 /* Release */ = {
			isa = XCBuildConfiguration;
			buildSettings = {
				ALWAYS_SEARCH_USER_PATHS = NO;
				ASSETCATALOG_COMPILER_GENERATE_SWIFT_ASSET_SYMBOL_EXTENSIONS = YES;
				CLANG_ANALYZER_NONNULL = YES;
				CLANG_ANALYZER_NUMBER_OBJECT_CONVERSION = YES_AGGRESSIVE;
				CLANG_CXX_LANGUAGE_STANDARD = "gnu++20";
				CLANG_ENABLE_MODULES = YES;
				CLANG_ENABLE_OBJC_ARC = YES;
				CLANG_ENABLE_OBJC_WEAK = YES;
				CLANG_WARN_BLOCK_CAPTURE_AUTORELEASING = YES;
				CLANG_WARN_BOOL_CONVERSION = YES;
				CLANG_WARN_COMMA = YES;
				CLANG_WARN_CONSTANT_CONVERSION = YES;
				CLANG_WARN_DEPRECATED_OBJC_IMPLEMENTATIONS = YES;
				CLANG_WARN_DIRECT_OBJC_ISA_USAGE = YES_ERROR;
				CLANG_WARN_DOCUMENTATION_COMMENTS = YES;
				CLANG_WARN_EMPTY_BODY = YES;
				CLANG_WARN_ENUM_CONVERSION = YES;
				CLANG_WARN_INFINITE_RECURSION = YES;
				CLANG_WARN_INT_CONVERSION = YES;
				CLANG_WARN_NON_LITERAL_NULL_CONVERSION = YES;
				CLANG_WARN_OBJC_IMPLICIT_RETAIN_SELF = YES;
				CLANG_WARN_OBJC_LITERAL_CONVERSION = YES;
				CLANG_WARN_OBJC_ROOT_CLASS = YES_ERROR;
				CLANG_WARN_QUOTED_INCLUDE_IN_FRAMEWORK_HEADER = YES;
				CLANG_WARN_RANGE_LOOP_ANALYSIS = YES;
				CLANG_WARN_STRICT_PROTOTYPES = YES;
				CLANG_WARN_SUSPICIOUS_MOVE = YES;
				CLANG_WARN_UNGUARDED_AVAILABILITY = YES_AGGRESSIVE;
				CLANG_WARN_UNREACHABLE_CODE = YES;
				CLANG_WARN__DUPLICATE_METHOD_MATCH = YES;
				COPY_PHASE_STRIP = NO;
				DEBUG_INFORMATION_FORMAT = "dwarf-with-dsym";
				DEVELOPMENT_TEAM = W7D3GH6GQF;
				ENABLE_NS_ASSERTIONS = NO;
				ENABLE_STRICT_OBJC_MSGSEND = YES;
				ENABLE_USER_SCRIPT_SANDBOXING = YES;
				GCC_C_LANGUAGE_STANDARD = gnu17;
				GCC_NO_COMMON_BLOCKS = YES;
				GCC_WARN_64_TO_32_BIT_CONVERSION = YES;
				GCC_WARN_ABOUT_RETURN_TYPE = YES_ERROR;
				GCC_WARN_UNDECLARED_SELECTOR = YES;
				GCC_WARN_UNINITIALIZED_AUTOS = YES_AGGRESSIVE;
				GCC_WARN_UNUSED_FUNCTION = YES;
				GCC_WARN_UNUSED_VARIABLE = YES;
				IPHONEOS_DEPLOYMENT_TARGET = 26.0;
				LOCALIZATION_PREFERS_STRING_CATALOGS = YES;
				MTL_ENABLE_DEBUG_INFO = NO;
				MTL_FAST_MATH = YES;
				SDKROOT = iphoneos;
				SWIFT_COMPILATION_MODE = wholemodule;
				VALIDATE_PRODUCT = YES;
			};
			name = Release;
		};
		9B9DD6412EE154A80031C316 /* Debug */ = {
			isa = XCBuildConfiguration;
			buildSettings = {
				ASSETCATALOG_COMPILER_APPICON_NAME = AppIcon;
				ASSETCATALOG_COMPILER_GLOBAL_ACCENT_COLOR_NAME = AccentColor;
				CODE_SIGN_ENTITLEMENTS = Wellobit/Wellobit.entitlements;
				CODE_SIGN_STYLE = Automatic;
				CURRENT_PROJECT_VERSION = 1;
				DEVELOPMENT_TEAM = W7D3GH6GQF;
				ENABLE_PREVIEWS = YES;
				GENERATE_INFOPLIST_FILE = YES;
				INFOPLIST_FILE = Wellobit/Info.plist;
				INFOPLIST_KEY_NSHealthShareUsageDescription = "Wellobit reads your heart rate and HRV to support guided breathing and recovery insights.";
				INFOPLIST_KEY_NSHealthUpdateUsageDescription = "Wellobit writes guided breathing workouts to your Health data.";
				INFOPLIST_KEY_UIApplicationSceneManifest_Generation = YES;
				INFOPLIST_KEY_UIApplicationSupportsIndirectInputEvents = YES;
				INFOPLIST_KEY_UILaunchScreen_Generation = YES;
				INFOPLIST_KEY_UISupportedInterfaceOrientations_iPad = "UIInterfaceOrientationPortrait UIInterfaceOrientationPortraitUpsideDown UIInterfaceOrientationLandscapeLeft UIInterfaceOrientationLandscapeRight";
				INFOPLIST_KEY_UISupportedInterfaceOrientations_iPhone = "UIInterfaceOrientationPortrait UIInterfaceOrientationLandscapeLeft UIInterfaceOrientationLandscapeRight";
				IPHONEOS_DEPLOYMENT_TARGET = 16.6;
				LD_RUNPATH_SEARCH_PATHS = (
					"$(inherited)",
					"@executable_path/Frameworks",
				);
				MARKETING_VERSION = 1.0;
				PRODUCT_BUNDLE_IDENTIFIER = Challenge.Wellobit;
				PRODUCT_NAME = "$(TARGET_NAME)";
				STRING_CATALOG_GENERATE_SYMBOLS = YES;
				SWIFT_APPROACHABLE_CONCURRENCY = YES;
				SWIFT_DEFAULT_ACTOR_ISOLATION = MainActor;
				SWIFT_EMIT_LOC_STRINGS = YES;
				SWIFT_UPCOMING_FEATURE_MEMBER_IMPORT_VISIBILITY = YES;
				SWIFT_VERSION = 5.0;
				TARGETED_DEVICE_FAMILY = "1,2";
			};
			name = Debug;
		};
		9B9DD6422EE154A80031C316 /* Release */ = {
			isa = XCBuildConfiguration;
			buildSettings = {
				ASSETCATALOG_COMPILER_APPICON_NAME = AppIcon;
				ASSETCATALOG_COMPILER_GLOBAL_ACCENT_COLOR_NAME = AccentColor;
				CODE_SIGN_ENTITLEMENTS = Wellobit/Wellobit.entitlements;
				CODE_SIGN_STYLE = Automatic;
				CURRENT_PROJECT_VERSION = 1;
				DEVELOPMENT_TEAM = W7D3GH6GQF;
				ENABLE_PREVIEWS = YES;
				GENERATE_INFOPLIST_FILE = YES;
				INFOPLIST_FILE = Wellobit/Info.plist;
				INFOPLIST_KEY_NSHealthShareUsageDescription = "Wellobit reads your heart rate and HRV to support guided breathing and recovery insights.";
				INFOPLIST_KEY_NSHealthUpdateUsageDescription = "Wellobit writes guided breathing workouts to your Health data.";
				INFOPLIST_KEY_UIApplicationSceneManifest_Generation = YES;
				INFOPLIST_KEY_UIApplicationSupportsIndirectInputEvents = YES;
				INFOPLIST_KEY_UILaunchScreen_Generation = YES;
				INFOPLIST_KEY_UISupportedInterfaceOrientations_iPad = "UIInterfaceOrientationPortrait UIInterfaceOrientationPortraitUpsideDown UIInterfaceOrientationLandscapeLeft UIInterfaceOrientationLandscapeRight";
				INFOPLIST_KEY_UISupportedInterfaceOrientations_iPhone = "UIInterfaceOrientationPortrait UIInterfaceOrientationLandscapeLeft UIInterfaceOrientationLandscapeRight";
				IPHONEOS_DEPLOYMENT_TARGET = 16.6;
				LD_RUNPATH_SEARCH_PATHS = (
					"$(inherited)",
					"@executable_path/Frameworks",
				);
				MARKETING_VERSION = 1.0;
				PRODUCT_BUNDLE_IDENTIFIER = Challenge.Wellobit;
				PRODUCT_NAME = "$(TARGET_NAME)";
				STRING_CATALOG_GENERATE_SYMBOLS = YES;
				SWIFT_APPROACHABLE_CONCURRENCY = YES;
				SWIFT_DEFAULT_ACTOR_ISOLATION = MainActor;
				SWIFT_EMIT_LOC_STRINGS = YES;
				SWIFT_UPCOMING_FEATURE_MEMBER_IMPORT_VISIBILITY = YES;
				SWIFT_VERSION = 5.0;
				TARGETED_DEVICE_FAMILY = "1,2";
			};
			name = Release;
		};
		9B9DD6532EE154EA0031C316 /* Debug */ = {
			isa = XCBuildConfiguration;
			buildSettings = {
				ASSETCATALOG_COMPILER_APPICON_NAME = AppIcon;
				ASSETCATALOG_COMPILER_GLOBAL_ACCENT_COLOR_NAME = AccentColor;
				CODE_SIGN_ENTITLEMENTS = "WellobitWatch Watch App/WellobitWatch Watch App.entitlements";
				CODE_SIGN_STYLE = Automatic;
				CURRENT_PROJECT_VERSION = 1;
				DEVELOPMENT_TEAM = W7D3GH6GQF;
				ENABLE_PREVIEWS = YES;
				GENERATE_INFOPLIST_FILE = YES;
				INFOPLIST_KEY_CFBundleDisplayName = WellobitWatch;
				INFOPLIST_KEY_NSHealthShareUsageDescription = "Wellobit reads your heart rate and HRV to support guided breathing and recovery insights.";
				INFOPLIST_KEY_NSHealthUpdateUsageDescription = "Wellobit writes guided breathing workouts to your Health data.";
				INFOPLIST_KEY_UISupportedInterfaceOrientations = "UIInterfaceOrientationPortrait UIInterfaceOrientationPortraitUpsideDown";
				INFOPLIST_KEY_WKCompanionAppBundleIdentifier = Challenge.Wellobit;
				LD_RUNPATH_SEARCH_PATHS = (
					"$(inherited)",
					"@executable_path/Frameworks",
				);
				MARKETING_VERSION = 1.0;
				PRODUCT_BUNDLE_IDENTIFIER = Challenge.Wellobit.watchkitapp;
				PRODUCT_NAME = "$(TARGET_NAME)";
				SDKROOT = watchos;
				SKIP_INSTALL = YES;
				STRING_CATALOG_GENERATE_SYMBOLS = YES;
				SWIFT_APPROACHABLE_CONCURRENCY = YES;
				SWIFT_DEFAULT_ACTOR_ISOLATION = MainActor;
				SWIFT_EMIT_LOC_STRINGS = YES;
				SWIFT_UPCOMING_FEATURE_MEMBER_IMPORT_VISIBILITY = YES;
				SWIFT_VERSION = 5.0;
				TARGETED_DEVICE_FAMILY = 4;
				WATCHOS_DEPLOYMENT_TARGET = 10.6;
			};
			name = Debug;
		};
		9B9DD6542EE154EA0031C316 /* Release */ = {
			isa = XCBuildConfiguration;
			buildSettings = {
				ASSETCATALOG_COMPILER_APPICON_NAME = AppIcon;
				ASSETCATALOG_COMPILER_GLOBAL_ACCENT_COLOR_NAME = AccentColor;
				CODE_SIGN_ENTITLEMENTS = "WellobitWatch Watch App/WellobitWatch Watch App.entitlements";
				CODE_SIGN_STYLE = Automatic;
				CURRENT_PROJECT_VERSION = 1;
				DEVELOPMENT_TEAM = W7D3GH6GQF;
				ENABLE_PREVIEWS = YES;
				GENERATE_INFOPLIST_FILE = YES;
				INFOPLIST_KEY_CFBundleDisplayName = WellobitWatch;
				INFOPLIST_KEY_NSHealthShareUsageDescription = "Wellobit reads your heart rate and HRV to support guided breathing and recovery insights.";
				INFOPLIST_KEY_NSHealthUpdateUsageDescription = "Wellobit writes guided breathing workouts to your Health data.";
				INFOPLIST_KEY_UISupportedInterfaceOrientations = "UIInterfaceOrientationPortrait UIInterfaceOrientationPortraitUpsideDown";
				INFOPLIST_KEY_WKCompanionAppBundleIdentifier = Challenge.Wellobit;
				LD_RUNPATH_SEARCH_PATHS = (
					"$(inherited)",
					"@executable_path/Frameworks",
				);
				MARKETING_VERSION = 1.0;
				PRODUCT_BUNDLE_IDENTIFIER = Challenge.Wellobit.watchkitapp;
				PRODUCT_NAME = "$(TARGET_NAME)";
				SDKROOT = watchos;
				SKIP_INSTALL = YES;
				STRING_CATALOG_GENERATE_SYMBOLS = YES;
				SWIFT_APPROACHABLE_CONCURRENCY = YES;
				SWIFT_DEFAULT_ACTOR_ISOLATION = MainActor;
				SWIFT_EMIT_LOC_STRINGS = YES;
				SWIFT_UPCOMING_FEATURE_MEMBER_IMPORT_VISIBILITY = YES;
				SWIFT_VERSION = 5.0;
				TARGETED_DEVICE_FAMILY = 4;
				WATCHOS_DEPLOYMENT_TARGET = 10.6;
			};
			name = Release;
		};
		9B9DD6712EE1749B0031C316 /* Debug */ = {
			isa = XCBuildConfiguration;
			buildSettings = {
				ASSETCATALOG_COMPILER_GLOBAL_ACCENT_COLOR_NAME = AccentColor;
				ASSETCATALOG_COMPILER_WIDGET_BACKGROUND_COLOR_NAME = WidgetBackground;
				CODE_SIGN_STYLE = Automatic;
				CURRENT_PROJECT_VERSION = 1;
				DEVELOPMENT_TEAM = W7D3GH6GQF;
				GENERATE_INFOPLIST_FILE = YES;
				INFOPLIST_FILE = WellobitComplication/Info.plist;
				INFOPLIST_KEY_CFBundleDisplayName = WellobitComplication;
				INFOPLIST_KEY_NSHumanReadableCopyright = "";
				LD_RUNPATH_SEARCH_PATHS = (
					"$(inherited)",
					"@executable_path/Frameworks",
					"@executable_path/../../Frameworks",
					"@executable_path/../../../../Frameworks",
				);
				MARKETING_VERSION = 1.0;
				PRODUCT_BUNDLE_IDENTIFIER = Challenge.Wellobit.watchkitapp.WellobitComplication;
				PRODUCT_NAME = "$(TARGET_NAME)";
				SDKROOT = watchos;
				SKIP_INSTALL = YES;
				STRING_CATALOG_GENERATE_SYMBOLS = YES;
				SWIFT_APPROACHABLE_CONCURRENCY = YES;
				SWIFT_EMIT_LOC_STRINGS = YES;
				SWIFT_UPCOMING_FEATURE_MEMBER_IMPORT_VISIBILITY = YES;
				SWIFT_VERSION = 5.0;
				TARGETED_DEVICE_FAMILY = 4;
				WATCHOS_DEPLOYMENT_TARGET = 26.0;
			};
			name = Debug;
		};
		9B9DD6722EE1749B0031C316 /* Release */ = {
			isa = XCBuildConfiguration;
			buildSettings = {
				ASSETCATALOG_COMPILER_GLOBAL_ACCENT_COLOR_NAME = AccentColor;
				ASSETCATALOG_COMPILER_WIDGET_BACKGROUND_COLOR_NAME = WidgetBackground;
				CODE_SIGN_STYLE = Automatic;
				CURRENT_PROJECT_VERSION = 1;
				DEVELOPMENT_TEAM = W7D3GH6GQF;
				GENERATE_INFOPLIST_FILE = YES;
				INFOPLIST_FILE = WellobitComplication/Info.plist;
				INFOPLIST_KEY_CFBundleDisplayName = WellobitComplication;
				INFOPLIST_KEY_NSHumanReadableCopyright = "";
				LD_RUNPATH_SEARCH_PATHS = (
					"$(inherited)",
					"@executable_path/Frameworks",
					"@executable_path/../../Frameworks",
					"@executable_path/../../../../Frameworks",
				);
				MARKETING_VERSION = 1.0;
				PRODUCT_BUNDLE_IDENTIFIER = Challenge.Wellobit.watchkitapp.WellobitComplication;
				PRODUCT_NAME = "$(TARGET_NAME)";
				SDKROOT = watchos;
				SKIP_INSTALL = YES;
				STRING_CATALOG_GENERATE_SYMBOLS = YES;
				SWIFT_APPROACHABLE_CONCURRENCY = YES;
				SWIFT_EMIT_LOC_STRINGS = YES;
				SWIFT_UPCOMING_FEATURE_MEMBER_IMPORT_VISIBILITY = YES;
				SWIFT_VERSION = 5.0;
				TARGETED_DEVICE_FAMILY = 4;
				WATCHOS_DEPLOYMENT_TARGET = 26.0;
			};
			name = Release;
		};
/* End XCBuildConfiguration section */

/* Begin XCConfigurationList section */
		9B9DD6302EE154A70031C316 /* Build configuration list for PBXProject "Wellobit" */ = {
			isa = XCConfigurationList;
			buildConfigurations = (
				9B9DD63E2EE154A80031C316 /* Debug */,
				9B9DD63F2EE154A80031C316 /* Release */,
			);
			defaultConfigurationIsVisible = 0;
			defaultConfigurationName = Release;
		};
		9B9DD6402EE154A80031C316 /* Build configuration list for PBXNativeTarget "Wellobit" */ = {
			isa = XCConfigurationList;
			buildConfigurations = (
				9B9DD6412EE154A80031C316 /* Debug */,
				9B9DD6422EE154A80031C316 /* Release */,
			);
			defaultConfigurationIsVisible = 0;
			defaultConfigurationName = Release;
		};
		9B9DD6522EE154EA0031C316 /* Build configuration list for PBXNativeTarget "WellobitWatch Watch App" */ = {
			isa = XCConfigurationList;
			buildConfigurations = (
				9B9DD6532EE154EA0031C316 /* Debug */,
				9B9DD6542EE154EA0031C316 /* Release */,
			);
			defaultConfigurationIsVisible = 0;
			defaultConfigurationName = Release;
		};
		9B9DD6702EE1749B0031C316 /* Build configuration list for PBXNativeTarget "WellobitComplicationExtension" */ = {
			isa = XCConfigurationList;
			buildConfigurations = (
				9B9DD6712EE1749B0031C316 /* Debug */,
				9B9DD6722EE1749B0031C316 /* Release */,
			);
			defaultConfigurationIsVisible = 0;
			defaultConfigurationName = Release;
		};
/* End XCConfigurationList section */
	};
	rootObject = 9B9DD62D2EE154A70031C316 /* Project object */;
}
